
Microsoft Visual Studio Solution File, Format Version 12.00
# Visual Studio Version 17
VisualStudioVersion = 17.14.36127.28 d17.14
MinimumVisualStudioVersion = 10.0.40219.1
Project("{FAE04EC0-301F-11D3-BF4B-00C04F79EFBC}") = "Fenicia.Auth", "Fenicia.Auth\Fenicia.Auth.csproj", "{41FF3537-AEFA-4392-8878-99533A868FC8}"
EndProject
Project("{FAE04EC0-301F-11D3-BF4B-00C04F79EFBC}") = "Fenicia.Common.Database", "Fenicia.Common.Database\Fenicia.Common.Database.csproj", "{8DA6730F-BEBD-4996-9DA0-F92E4C429BEF}"
EndProject
Project("{FAE04EC0-301F-11D3-BF4B-00C04F79EFBC}") = "Fenicia.Module.Basic", "Fenicia.Module.Basic\Fenicia.Module.Basic.csproj", "{8622952A-7F8E-450E-9EB8-DDDD7DBE36B6}"
EndProject
Project("{FAE04EC0-301F-11D3-BF4B-00C04F79EFBC}") = "Fenicia.Common.Api", "Fenicia.Common.Api\Fenicia.Common.Api.csproj", "{4F6547A1-EE32-41F8-9DED-8434B27DF723}"
EndProject
Project("{FAE04EC0-301F-11D3-BF4B-00C04F79EFBC}") = "Fenicia.Common", "Fenicia.Common\Fenicia.Common.csproj", "{058D60E2-328D-4A4B-9686-12F6F7223C4D}"
EndProject
Project("{FAE04EC0-301F-11D3-BF4B-00C04F79EFBC}") = "Fenicia.Module.Projects", "Fenicia.Module.Projects\Fenicia.Module.Projects.csproj", "{D6D68C9A-816B-40D9-AA5E-B11596996694}"
EndProject
Project("{FAE04EC0-301F-11D3-BF4B-00C04F79EFBC}") = "Fenicia.Module.SocialNetwork", "Fenicia.Module.SocialNetwork\Fenicia.Module.SocialNetwork.csproj", "{6512C8A2-2118-4176-B243-5F0976016236}"
EndProject
Project("{FAE04EC0-301F-11D3-BF4B-00C04F79EFBC}") = "Fenicia.Module.PerformanceEvaluation", "Fenicia.Module.PerformanceEvaluation\Fenicia.Module.PerformanceEvaluation.csproj", "{60563E64-F30C-4F61-8D07-E14C50DE8F12}"
EndProject
Project("{FAE04EC0-301F-11D3-BF4B-00C04F79EFBC}") = "Fenicia.Module.Accounting", "Fenicia.Module.Accounting\Fenicia.Module.Accounting.csproj", "{D2324252-735E-4A62-B1EF-3A5D006442B3}"
EndProject
Project("{FAE04EC0-301F-11D3-BF4B-00C04F79EFBC}") = "Fenicia.Module.HR", "Fenicia.Module.HR\Fenicia.Module.HR.csproj", "{DFCECA32-D5AB-44AF-B960-1500F0224964}"
EndProject
Project("{FAE04EC0-301F-11D3-BF4B-00C04F79EFBC}") = "Fenicia.Module.POS", "Fenicia.Module.POS\Fenicia.Module.POS.csproj", "{F95B5946-83A5-4D79-8D61-D39D5B2A9335}"
EndProject
Project("{FAE04EC0-301F-11D3-BF4B-00C04F79EFBC}") = "Fenicia.Module.Contracts", "Fenicia.Module.Contracts\Fenicia.Module.Contracts.csproj", "{D21DEC28-48D1-4B9A-925F-2C798B2F3E2D}"
EndProject
Project("{FAE04EC0-301F-11D3-BF4B-00C04F79EFBC}") = "Fenicia.Module.Ecommerce", "Fenicia.Module.Ecommerce\Fenicia.Module.Ecommerce.csproj", "{D1BD3E62-8E17-454F-9736-2ACFF76B9C9B}"
EndProject
Project("{FAE04EC0-301F-11D3-BF4B-00C04F79EFBC}") = "Fenicia.Module.CustomerSupport", "Fenicia.Module.CustomerSupport\Fenicia.Module.CustomerSupport.csproj", "{3D2CDC5D-7069-4150-A9B0-EBAAC6CAADD4}"
EndProject
Project("{FAE04EC0-301F-11D3-BF4B-00C04F79EFBC}") = "Fenicia.Module.Plus", "Fenicia.Module.Plus\Fenicia.Module.Plus.csproj", "{664C8060-90B4-4EF6-BA6D-C3B6480B26CD}"
EndProject
Project("{FAE04EC0-301F-11D3-BF4B-00C04F79EFBC}") = "Fenicia.ERP.API", "Fenicia.ERP.API\Fenicia.ERP.API.csproj", "{BDB3D76D-B0D7-4BFB-9ACE-CA59A7CB45B6}"
EndProject
Project("{2150E333-8FDC-42A3-9474-1A3956D46DE8}") = "Solution Items", "Solution Items", "{02EA681E-C7D8-13C7-8484-4AC65E1B71E8}"
	ProjectSection(SolutionItems) = preProject
		.editorconfig = .editorconfig
	EndProjectSection
EndProject
Project("{FAE04EC0-301F-11D3-BF4B-00C04F79EFBC}") = "Fenicia.Auth.Tests", "Fenicia.Auth.Tests\Fenicia.Auth.Tests.csproj", "{0617EB4F-A799-4D11-980E-014BE1D3D9D8}"
EndProject
Project("{FAE04EC0-301F-11D3-BF4B-00C04F79EFBC}") = "Fenicia.Common.Externals.Email", "Fenicia.Common.Externals.Email\Fenicia.Common.Externals.Email.csproj", "{15A64760-2D36-4FE7-80A9-85DCEFADD74C}"
EndProject
Project("{FAE04EC0-301F-11D3-BF4B-00C04F79EFBC}") = "Fenicia.Common.Migrations", "Fenicia.Common.Migrations\Fenicia.Common.Migrations.csproj", "{1065C0DE-176B-4F58-896B-8494AF2823B6}"
EndProject
Project("{FAE04EC0-301F-11D3-BF4B-00C04F79EFBC}") = "Fenicia.Integration.RunCommandTool", "Fenicia.Integration.RunCommandTool\Fenicia.Integration.RunCommandTool.csproj", "{ED753193-5DD3-49F1-B7E5-F2C7666D535F}"
EndProject
Global
	GlobalSection(SolutionConfigurationPlatforms) = preSolution
		Debug|Any CPU = Debug|Any CPU
		Debug|x64 = Debug|x64
		Debug|x86 = Debug|x86
		Release|Any CPU = Release|Any CPU
		Release|x64 = Release|x64
		Release|x86 = Release|x86
	EndGlobalSection
	GlobalSection(ProjectConfigurationPlatforms) = postSolution
		{41FF3537-AEFA-4392-8878-99533A868FC8}.Debug|Any CPU.ActiveCfg = Debug|Any CPU
		{41FF3537-AEFA-4392-8878-99533A868FC8}.Debug|Any CPU.Build.0 = Debug|Any CPU
		{41FF3537-AEFA-4392-8878-99533A868FC8}.Debug|x64.ActiveCfg = Debug|Any CPU
		{41FF3537-AEFA-4392-8878-99533A868FC8}.Debug|x64.Build.0 = Debug|Any CPU
		{41FF3537-AEFA-4392-8878-99533A868FC8}.Debug|x86.ActiveCfg = Debug|Any CPU
		{41FF3537-AEFA-4392-8878-99533A868FC8}.Debug|x86.Build.0 = Debug|Any CPU
		{41FF3537-AEFA-4392-8878-99533A868FC8}.Release|Any CPU.ActiveCfg = Release|Any CPU
		{41FF3537-AEFA-4392-8878-99533A868FC8}.Release|Any CPU.Build.0 = Release|Any CPU
		{41FF3537-AEFA-4392-8878-99533A868FC8}.Release|x64.ActiveCfg = Release|Any CPU
		{41FF3537-AEFA-4392-8878-99533A868FC8}.Release|x64.Build.0 = Release|Any CPU
		{41FF3537-AEFA-4392-8878-99533A868FC8}.Release|x86.ActiveCfg = Release|Any CPU
		{41FF3537-AEFA-4392-8878-99533A868FC8}.Release|x86.Build.0 = Release|Any CPU
		{8DA6730F-BEBD-4996-9DA0-F92E4C429BEF}.Debug|Any CPU.ActiveCfg = Debug|Any CPU
		{8DA6730F-BEBD-4996-9DA0-F92E4C429BEF}.Debug|Any CPU.Build.0 = Debug|Any CPU
		{8DA6730F-BEBD-4996-9DA0-F92E4C429BEF}.Debug|x64.ActiveCfg = Debug|Any CPU
		{8DA6730F-BEBD-4996-9DA0-F92E4C429BEF}.Debug|x64.Build.0 = Debug|Any CPU
		{8DA6730F-BEBD-4996-9DA0-F92E4C429BEF}.Debug|x86.ActiveCfg = Debug|Any CPU
		{8DA6730F-BEBD-4996-9DA0-F92E4C429BEF}.Debug|x86.Build.0 = Debug|Any CPU
		{8DA6730F-BEBD-4996-9DA0-F92E4C429BEF}.Release|Any CPU.ActiveCfg = Release|Any CPU
		{8DA6730F-BEBD-4996-9DA0-F92E4C429BEF}.Release|Any CPU.Build.0 = Release|Any CPU
		{8DA6730F-BEBD-4996-9DA0-F92E4C429BEF}.Release|x64.ActiveCfg = Release|Any CPU
		{8DA6730F-BEBD-4996-9DA0-F92E4C429BEF}.Release|x64.Build.0 = Release|Any CPU
		{8DA6730F-BEBD-4996-9DA0-F92E4C429BEF}.Release|x86.ActiveCfg = Release|Any CPU
		{8DA6730F-BEBD-4996-9DA0-F92E4C429BEF}.Release|x86.Build.0 = Release|Any CPU
		{8622952A-7F8E-450E-9EB8-DDDD7DBE36B6}.Debug|Any CPU.ActiveCfg = Debug|Any CPU
		{8622952A-7F8E-450E-9EB8-DDDD7DBE36B6}.Debug|Any CPU.Build.0 = Debug|Any CPU
		{8622952A-7F8E-450E-9EB8-DDDD7DBE36B6}.Debug|x64.ActiveCfg = Debug|Any CPU
		{8622952A-7F8E-450E-9EB8-DDDD7DBE36B6}.Debug|x64.Build.0 = Debug|Any CPU
		{8622952A-7F8E-450E-9EB8-DDDD7DBE36B6}.Debug|x86.ActiveCfg = Debug|Any CPU
		{8622952A-7F8E-450E-9EB8-DDDD7DBE36B6}.Debug|x86.Build.0 = Debug|Any CPU
		{8622952A-7F8E-450E-9EB8-DDDD7DBE36B6}.Release|Any CPU.ActiveCfg = Release|Any CPU
		{8622952A-7F8E-450E-9EB8-DDDD7DBE36B6}.Release|Any CPU.Build.0 = Release|Any CPU
		{8622952A-7F8E-450E-9EB8-DDDD7DBE36B6}.Release|x64.ActiveCfg = Release|Any CPU
		{8622952A-7F8E-450E-9EB8-DDDD7DBE36B6}.Release|x64.Build.0 = Release|Any CPU
		{8622952A-7F8E-450E-9EB8-DDDD7DBE36B6}.Release|x86.ActiveCfg = Release|Any CPU
		{8622952A-7F8E-450E-9EB8-DDDD7DBE36B6}.Release|x86.Build.0 = Release|Any CPU
		{4F6547A1-EE32-41F8-9DED-8434B27DF723}.Debug|Any CPU.ActiveCfg = Debug|Any CPU
		{4F6547A1-EE32-41F8-9DED-8434B27DF723}.Debug|Any CPU.Build.0 = Debug|Any CPU
		{4F6547A1-EE32-41F8-9DED-8434B27DF723}.Debug|x64.ActiveCfg = Debug|Any CPU
		{4F6547A1-EE32-41F8-9DED-8434B27DF723}.Debug|x64.Build.0 = Debug|Any CPU
		{4F6547A1-EE32-41F8-9DED-8434B27DF723}.Debug|x86.ActiveCfg = Debug|Any CPU
		{4F6547A1-EE32-41F8-9DED-8434B27DF723}.Debug|x86.Build.0 = Debug|Any CPU
		{4F6547A1-EE32-41F8-9DED-8434B27DF723}.Release|Any CPU.ActiveCfg = Release|Any CPU
		{4F6547A1-EE32-41F8-9DED-8434B27DF723}.Release|Any CPU.Build.0 = Release|Any CPU
		{4F6547A1-EE32-41F8-9DED-8434B27DF723}.Release|x64.ActiveCfg = Release|Any CPU
		{4F6547A1-EE32-41F8-9DED-8434B27DF723}.Release|x64.Build.0 = Release|Any CPU
		{4F6547A1-EE32-41F8-9DED-8434B27DF723}.Release|x86.ActiveCfg = Release|Any CPU
		{4F6547A1-EE32-41F8-9DED-8434B27DF723}.Release|x86.Build.0 = Release|Any CPU
		{058D60E2-328D-4A4B-9686-12F6F7223C4D}.Debug|Any CPU.ActiveCfg = Debug|Any CPU
		{058D60E2-328D-4A4B-9686-12F6F7223C4D}.Debug|Any CPU.Build.0 = Debug|Any CPU
		{058D60E2-328D-4A4B-9686-12F6F7223C4D}.Debug|x64.ActiveCfg = Debug|Any CPU
		{058D60E2-328D-4A4B-9686-12F6F7223C4D}.Debug|x64.Build.0 = Debug|Any CPU
		{058D60E2-328D-4A4B-9686-12F6F7223C4D}.Debug|x86.ActiveCfg = Debug|Any CPU
		{058D60E2-328D-4A4B-9686-12F6F7223C4D}.Debug|x86.Build.0 = Debug|Any CPU
		{058D60E2-328D-4A4B-9686-12F6F7223C4D}.Release|Any CPU.ActiveCfg = Release|Any CPU
		{058D60E2-328D-4A4B-9686-12F6F7223C4D}.Release|Any CPU.Build.0 = Release|Any CPU
		{058D60E2-328D-4A4B-9686-12F6F7223C4D}.Release|x64.ActiveCfg = Release|Any CPU
		{058D60E2-328D-4A4B-9686-12F6F7223C4D}.Release|x64.Build.0 = Release|Any CPU
		{058D60E2-328D-4A4B-9686-12F6F7223C4D}.Release|x86.ActiveCfg = Release|Any CPU
		{058D60E2-328D-4A4B-9686-12F6F7223C4D}.Release|x86.Build.0 = Release|Any CPU
		{D6D68C9A-816B-40D9-AA5E-B11596996694}.Debug|Any CPU.ActiveCfg = Debug|Any CPU
		{D6D68C9A-816B-40D9-AA5E-B11596996694}.Debug|Any CPU.Build.0 = Debug|Any CPU
		{D6D68C9A-816B-40D9-AA5E-B11596996694}.Debug|x64.ActiveCfg = Debug|Any CPU
		{D6D68C9A-816B-40D9-AA5E-B11596996694}.Debug|x64.Build.0 = Debug|Any CPU
		{D6D68C9A-816B-40D9-AA5E-B11596996694}.Debug|x86.ActiveCfg = Debug|Any CPU
		{D6D68C9A-816B-40D9-AA5E-B11596996694}.Debug|x86.Build.0 = Debug|Any CPU
		{D6D68C9A-816B-40D9-AA5E-B11596996694}.Release|Any CPU.ActiveCfg = Release|Any CPU
		{D6D68C9A-816B-40D9-AA5E-B11596996694}.Release|Any CPU.Build.0 = Release|Any CPU
		{D6D68C9A-816B-40D9-AA5E-B11596996694}.Release|x64.ActiveCfg = Release|Any CPU
		{D6D68C9A-816B-40D9-AA5E-B11596996694}.Release|x64.Build.0 = Release|Any CPU
		{D6D68C9A-816B-40D9-AA5E-B11596996694}.Release|x86.ActiveCfg = Release|Any CPU
		{D6D68C9A-816B-40D9-AA5E-B11596996694}.Release|x86.Build.0 = Release|Any CPU
		{6512C8A2-2118-4176-B243-5F0976016236}.Debug|Any CPU.ActiveCfg = Debug|Any CPU
		{6512C8A2-2118-4176-B243-5F0976016236}.Debug|Any CPU.Build.0 = Debug|Any CPU
		{6512C8A2-2118-4176-B243-5F0976016236}.Debug|x64.ActiveCfg = Debug|Any CPU
		{6512C8A2-2118-4176-B243-5F0976016236}.Debug|x64.Build.0 = Debug|Any CPU
		{6512C8A2-2118-4176-B243-5F0976016236}.Debug|x86.ActiveCfg = Debug|Any CPU
		{6512C8A2-2118-4176-B243-5F0976016236}.Debug|x86.Build.0 = Debug|Any CPU
		{6512C8A2-2118-4176-B243-5F0976016236}.Release|Any CPU.ActiveCfg = Release|Any CPU
		{6512C8A2-2118-4176-B243-5F0976016236}.Release|Any CPU.Build.0 = Release|Any CPU
		{6512C8A2-2118-4176-B243-5F0976016236}.Release|x64.ActiveCfg = Release|Any CPU
		{6512C8A2-2118-4176-B243-5F0976016236}.Release|x64.Build.0 = Release|Any CPU
		{6512C8A2-2118-4176-B243-5F0976016236}.Release|x86.ActiveCfg = Release|Any CPU
		{6512C8A2-2118-4176-B243-5F0976016236}.Release|x86.Build.0 = Release|Any CPU
		{60563E64-F30C-4F61-8D07-E14C50DE8F12}.Debug|Any CPU.ActiveCfg = Debug|Any CPU
		{60563E64-F30C-4F61-8D07-E14C50DE8F12}.Debug|Any CPU.Build.0 = Debug|Any CPU
		{60563E64-F30C-4F61-8D07-E14C50DE8F12}.Debug|x64.ActiveCfg = Debug|Any CPU
		{60563E64-F30C-4F61-8D07-E14C50DE8F12}.Debug|x64.Build.0 = Debug|Any CPU
		{60563E64-F30C-4F61-8D07-E14C50DE8F12}.Debug|x86.ActiveCfg = Debug|Any CPU
		{60563E64-F30C-4F61-8D07-E14C50DE8F12}.Debug|x86.Build.0 = Debug|Any CPU
		{60563E64-F30C-4F61-8D07-E14C50DE8F12}.Release|Any CPU.ActiveCfg = Release|Any CPU
		{60563E64-F30C-4F61-8D07-E14C50DE8F12}.Release|Any CPU.Build.0 = Release|Any CPU
		{60563E64-F30C-4F61-8D07-E14C50DE8F12}.Release|x64.ActiveCfg = Release|Any CPU
		{60563E64-F30C-4F61-8D07-E14C50DE8F12}.Release|x64.Build.0 = Release|Any CPU
		{60563E64-F30C-4F61-8D07-E14C50DE8F12}.Release|x86.ActiveCfg = Release|Any CPU
		{60563E64-F30C-4F61-8D07-E14C50DE8F12}.Release|x86.Build.0 = Release|Any CPU
		{D2324252-735E-4A62-B1EF-3A5D006442B3}.Debug|Any CPU.ActiveCfg = Debug|Any CPU
		{D2324252-735E-4A62-B1EF-3A5D006442B3}.Debug|Any CPU.Build.0 = Debug|Any CPU
		{D2324252-735E-4A62-B1EF-3A5D006442B3}.Debug|x64.ActiveCfg = Debug|Any CPU
		{D2324252-735E-4A62-B1EF-3A5D006442B3}.Debug|x64.Build.0 = Debug|Any CPU
		{D2324252-735E-4A62-B1EF-3A5D006442B3}.Debug|x86.ActiveCfg = Debug|Any CPU
		{D2324252-735E-4A62-B1EF-3A5D006442B3}.Debug|x86.Build.0 = Debug|Any CPU
		{D2324252-735E-4A62-B1EF-3A5D006442B3}.Release|Any CPU.ActiveCfg = Release|Any CPU
		{D2324252-735E-4A62-B1EF-3A5D006442B3}.Release|Any CPU.Build.0 = Release|Any CPU
		{D2324252-735E-4A62-B1EF-3A5D006442B3}.Release|x64.ActiveCfg = Release|Any CPU
		{D2324252-735E-4A62-B1EF-3A5D006442B3}.Release|x64.Build.0 = Release|Any CPU
		{D2324252-735E-4A62-B1EF-3A5D006442B3}.Release|x86.ActiveCfg = Release|Any CPU
		{D2324252-735E-4A62-B1EF-3A5D006442B3}.Release|x86.Build.0 = Release|Any CPU
		{DFCECA32-D5AB-44AF-B960-1500F0224964}.Debug|Any CPU.ActiveCfg = Debug|Any CPU
		{DFCECA32-D5AB-44AF-B960-1500F0224964}.Debug|Any CPU.Build.0 = Debug|Any CPU
		{DFCECA32-D5AB-44AF-B960-1500F0224964}.Debug|x64.ActiveCfg = Debug|Any CPU
		{DFCECA32-D5AB-44AF-B960-1500F0224964}.Debug|x64.Build.0 = Debug|Any CPU
		{DFCECA32-D5AB-44AF-B960-1500F0224964}.Debug|x86.ActiveCfg = Debug|Any CPU
		{DFCECA32-D5AB-44AF-B960-1500F0224964}.Debug|x86.Build.0 = Debug|Any CPU
		{DFCECA32-D5AB-44AF-B960-1500F0224964}.Release|Any CPU.ActiveCfg = Release|Any CPU
		{DFCECA32-D5AB-44AF-B960-1500F0224964}.Release|Any CPU.Build.0 = Release|Any CPU
		{DFCECA32-D5AB-44AF-B960-1500F0224964}.Release|x64.ActiveCfg = Release|Any CPU
		{DFCECA32-D5AB-44AF-B960-1500F0224964}.Release|x64.Build.0 = Release|Any CPU
		{DFCECA32-D5AB-44AF-B960-1500F0224964}.Release|x86.ActiveCfg = Release|Any CPU
		{DFCECA32-D5AB-44AF-B960-1500F0224964}.Release|x86.Build.0 = Release|Any CPU
		{F95B5946-83A5-4D79-8D61-D39D5B2A9335}.Debug|Any CPU.ActiveCfg = Debug|Any CPU
		{F95B5946-83A5-4D79-8D61-D39D5B2A9335}.Debug|Any CPU.Build.0 = Debug|Any CPU
		{F95B5946-83A5-4D79-8D61-D39D5B2A9335}.Debug|x64.ActiveCfg = Debug|Any CPU
		{F95B5946-83A5-4D79-8D61-D39D5B2A9335}.Debug|x64.Build.0 = Debug|Any CPU
		{F95B5946-83A5-4D79-8D61-D39D5B2A9335}.Debug|x86.ActiveCfg = Debug|Any CPU
		{F95B5946-83A5-4D79-8D61-D39D5B2A9335}.Debug|x86.Build.0 = Debug|Any CPU
		{F95B5946-83A5-4D79-8D61-D39D5B2A9335}.Release|Any CPU.ActiveCfg = Release|Any CPU
		{F95B5946-83A5-4D79-8D61-D39D5B2A9335}.Release|Any CPU.Build.0 = Release|Any CPU
		{F95B5946-83A5-4D79-8D61-D39D5B2A9335}.Release|x64.ActiveCfg = Release|Any CPU
		{F95B5946-83A5-4D79-8D61-D39D5B2A9335}.Release|x64.Build.0 = Release|Any CPU
		{F95B5946-83A5-4D79-8D61-D39D5B2A9335}.Release|x86.ActiveCfg = Release|Any CPU
		{F95B5946-83A5-4D79-8D61-D39D5B2A9335}.Release|x86.Build.0 = Release|Any CPU
		{D21DEC28-48D1-4B9A-925F-2C798B2F3E2D}.Debug|Any CPU.ActiveCfg = Debug|Any CPU
		{D21DEC28-48D1-4B9A-925F-2C798B2F3E2D}.Debug|Any CPU.Build.0 = Debug|Any CPU
		{D21DEC28-48D1-4B9A-925F-2C798B2F3E2D}.Debug|x64.ActiveCfg = Debug|Any CPU
		{D21DEC28-48D1-4B9A-925F-2C798B2F3E2D}.Debug|x64.Build.0 = Debug|Any CPU
		{D21DEC28-48D1-4B9A-925F-2C798B2F3E2D}.Debug|x86.ActiveCfg = Debug|Any CPU
		{D21DEC28-48D1-4B9A-925F-2C798B2F3E2D}.Debug|x86.Build.0 = Debug|Any CPU
		{D21DEC28-48D1-4B9A-925F-2C798B2F3E2D}.Release|Any CPU.ActiveCfg = Release|Any CPU
		{D21DEC28-48D1-4B9A-925F-2C798B2F3E2D}.Release|Any CPU.Build.0 = Release|Any CPU
		{D21DEC28-48D1-4B9A-925F-2C798B2F3E2D}.Release|x64.ActiveCfg = Release|Any CPU
		{D21DEC28-48D1-4B9A-925F-2C798B2F3E2D}.Release|x64.Build.0 = Release|Any CPU
		{D21DEC28-48D1-4B9A-925F-2C798B2F3E2D}.Release|x86.ActiveCfg = Release|Any CPU
		{D21DEC28-48D1-4B9A-925F-2C798B2F3E2D}.Release|x86.Build.0 = Release|Any CPU
		{D1BD3E62-8E17-454F-9736-2ACFF76B9C9B}.Debug|Any CPU.ActiveCfg = Debug|Any CPU
		{D1BD3E62-8E17-454F-9736-2ACFF76B9C9B}.Debug|Any CPU.Build.0 = Debug|Any CPU
		{D1BD3E62-8E17-454F-9736-2ACFF76B9C9B}.Debug|x64.ActiveCfg = Debug|Any CPU
		{D1BD3E62-8E17-454F-9736-2ACFF76B9C9B}.Debug|x64.Build.0 = Debug|Any CPU
		{D1BD3E62-8E17-454F-9736-2ACFF76B9C9B}.Debug|x86.ActiveCfg = Debug|Any CPU
		{D1BD3E62-8E17-454F-9736-2ACFF76B9C9B}.Debug|x86.Build.0 = Debug|Any CPU
		{D1BD3E62-8E17-454F-9736-2ACFF76B9C9B}.Release|Any CPU.ActiveCfg = Release|Any CPU
		{D1BD3E62-8E17-454F-9736-2ACFF76B9C9B}.Release|Any CPU.Build.0 = Release|Any CPU
		{D1BD3E62-8E17-454F-9736-2ACFF76B9C9B}.Release|x64.ActiveCfg = Release|Any CPU
		{D1BD3E62-8E17-454F-9736-2ACFF76B9C9B}.Release|x64.Build.0 = Release|Any CPU
		{D1BD3E62-8E17-454F-9736-2ACFF76B9C9B}.Release|x86.ActiveCfg = Release|Any CPU
		{D1BD3E62-8E17-454F-9736-2ACFF76B9C9B}.Release|x86.Build.0 = Release|Any CPU
		{3D2CDC5D-7069-4150-A9B0-EBAAC6CAADD4}.Debug|Any CPU.ActiveCfg = Debug|Any CPU
		{3D2CDC5D-7069-4150-A9B0-EBAAC6CAADD4}.Debug|Any CPU.Build.0 = Debug|Any CPU
		{3D2CDC5D-7069-4150-A9B0-EBAAC6CAADD4}.Debug|x64.ActiveCfg = Debug|Any CPU
		{3D2CDC5D-7069-4150-A9B0-EBAAC6CAADD4}.Debug|x64.Build.0 = Debug|Any CPU
		{3D2CDC5D-7069-4150-A9B0-EBAAC6CAADD4}.Debug|x86.ActiveCfg = Debug|Any CPU
		{3D2CDC5D-7069-4150-A9B0-EBAAC6CAADD4}.Debug|x86.Build.0 = Debug|Any CPU
		{3D2CDC5D-7069-4150-A9B0-EBAAC6CAADD4}.Release|Any CPU.ActiveCfg = Release|Any CPU
		{3D2CDC5D-7069-4150-A9B0-EBAAC6CAADD4}.Release|Any CPU.Build.0 = Release|Any CPU
		{3D2CDC5D-7069-4150-A9B0-EBAAC6CAADD4}.Release|x64.ActiveCfg = Release|Any CPU
		{3D2CDC5D-7069-4150-A9B0-EBAAC6CAADD4}.Release|x64.Build.0 = Release|Any CPU
		{3D2CDC5D-7069-4150-A9B0-EBAAC6CAADD4}.Release|x86.ActiveCfg = Release|Any CPU
		{3D2CDC5D-7069-4150-A9B0-EBAAC6CAADD4}.Release|x86.Build.0 = Release|Any CPU
		{664C8060-90B4-4EF6-BA6D-C3B6480B26CD}.Debug|Any CPU.ActiveCfg = Debug|Any CPU
		{664C8060-90B4-4EF6-BA6D-C3B6480B26CD}.Debug|Any CPU.Build.0 = Debug|Any CPU
		{664C8060-90B4-4EF6-BA6D-C3B6480B26CD}.Debug|x64.ActiveCfg = Debug|Any CPU
		{664C8060-90B4-4EF6-BA6D-C3B6480B26CD}.Debug|x64.Build.0 = Debug|Any CPU
		{664C8060-90B4-4EF6-BA6D-C3B6480B26CD}.Debug|x86.ActiveCfg = Debug|Any CPU
		{664C8060-90B4-4EF6-BA6D-C3B6480B26CD}.Debug|x86.Build.0 = Debug|Any CPU
		{664C8060-90B4-4EF6-BA6D-C3B6480B26CD}.Release|Any CPU.ActiveCfg = Release|Any CPU
		{664C8060-90B4-4EF6-BA6D-C3B6480B26CD}.Release|Any CPU.Build.0 = Release|Any CPU
		{664C8060-90B4-4EF6-BA6D-C3B6480B26CD}.Release|x64.ActiveCfg = Release|Any CPU
		{664C8060-90B4-4EF6-BA6D-C3B6480B26CD}.Release|x64.Build.0 = Release|Any CPU
		{664C8060-90B4-4EF6-BA6D-C3B6480B26CD}.Release|x86.ActiveCfg = Release|Any CPU
		{664C8060-90B4-4EF6-BA6D-C3B6480B26CD}.Release|x86.Build.0 = Release|Any CPU
		{BDB3D76D-B0D7-4BFB-9ACE-CA59A7CB45B6}.Debug|Any CPU.ActiveCfg = Debug|Any CPU
		{BDB3D76D-B0D7-4BFB-9ACE-CA59A7CB45B6}.Debug|Any CPU.Build.0 = Debug|Any CPU
		{BDB3D76D-B0D7-4BFB-9ACE-CA59A7CB45B6}.Debug|x64.ActiveCfg = Debug|Any CPU
		{BDB3D76D-B0D7-4BFB-9ACE-CA59A7CB45B6}.Debug|x64.Build.0 = Debug|Any CPU
		{BDB3D76D-B0D7-4BFB-9ACE-CA59A7CB45B6}.Debug|x86.ActiveCfg = Debug|Any CPU
		{BDB3D76D-B0D7-4BFB-9ACE-CA59A7CB45B6}.Debug|x86.Build.0 = Debug|Any CPU
		{BDB3D76D-B0D7-4BFB-9ACE-CA59A7CB45B6}.Release|Any CPU.ActiveCfg = Release|Any CPU
		{BDB3D76D-B0D7-4BFB-9ACE-CA59A7CB45B6}.Release|Any CPU.Build.0 = Release|Any CPU
		{BDB3D76D-B0D7-4BFB-9ACE-CA59A7CB45B6}.Release|x64.ActiveCfg = Release|Any CPU
		{BDB3D76D-B0D7-4BFB-9ACE-CA59A7CB45B6}.Release|x64.Build.0 = Release|Any CPU
		{BDB3D76D-B0D7-4BFB-9ACE-CA59A7CB45B6}.Release|x86.ActiveCfg = Release|Any CPU
		{BDB3D76D-B0D7-4BFB-9ACE-CA59A7CB45B6}.Release|x86.Build.0 = Release|Any CPU
		{0617EB4F-A799-4D11-980E-014BE1D3D9D8}.Debug|Any CPU.ActiveCfg = Debug|Any CPU
		{0617EB4F-A799-4D11-980E-014BE1D3D9D8}.Debug|Any CPU.Build.0 = Debug|Any CPU
		{0617EB4F-A799-4D11-980E-014BE1D3D9D8}.Debug|x64.ActiveCfg = Debug|Any CPU
		{0617EB4F-A799-4D11-980E-014BE1D3D9D8}.Debug|x64.Build.0 = Debug|Any CPU
		{0617EB4F-A799-4D11-980E-014BE1D3D9D8}.Debug|x86.ActiveCfg = Debug|Any CPU
		{0617EB4F-A799-4D11-980E-014BE1D3D9D8}.Debug|x86.Build.0 = Debug|Any CPU
		{0617EB4F-A799-4D11-980E-014BE1D3D9D8}.Release|Any CPU.ActiveCfg = Release|Any CPU
		{0617EB4F-A799-4D11-980E-014BE1D3D9D8}.Release|Any CPU.Build.0 = Release|Any CPU
		{0617EB4F-A799-4D11-980E-014BE1D3D9D8}.Release|x64.ActiveCfg = Release|Any CPU
		{0617EB4F-A799-4D11-980E-014BE1D3D9D8}.Release|x64.Build.0 = Release|Any CPU
		{0617EB4F-A799-4D11-980E-014BE1D3D9D8}.Release|x86.ActiveCfg = Release|Any CPU
		{0617EB4F-A799-4D11-980E-014BE1D3D9D8}.Release|x86.Build.0 = Release|Any CPU
		{C07EB7EB-11AE-40E3-8AFB-C14BD7C60859}.Debug|Any CPU.ActiveCfg = Debug|Any CPU
		{C07EB7EB-11AE-40E3-8AFB-C14BD7C60859}.Debug|Any CPU.Build.0 = Debug|Any CPU
		{C07EB7EB-11AE-40E3-8AFB-C14BD7C60859}.Debug|x64.ActiveCfg = Debug|Any CPU
		{C07EB7EB-11AE-40E3-8AFB-C14BD7C60859}.Debug|x64.Build.0 = Debug|Any CPU
		{C07EB7EB-11AE-40E3-8AFB-C14BD7C60859}.Debug|x86.ActiveCfg = Debug|Any CPU
		{C07EB7EB-11AE-40E3-8AFB-C14BD7C60859}.Debug|x86.Build.0 = Debug|Any CPU
		{C07EB7EB-11AE-40E3-8AFB-C14BD7C60859}.Release|Any CPU.ActiveCfg = Release|Any CPU
		{C07EB7EB-11AE-40E3-8AFB-C14BD7C60859}.Release|Any CPU.Build.0 = Release|Any CPU
		{C07EB7EB-11AE-40E3-8AFB-C14BD7C60859}.Release|x64.ActiveCfg = Release|Any CPU
		{C07EB7EB-11AE-40E3-8AFB-C14BD7C60859}.Release|x64.Build.0 = Release|Any CPU
		{C07EB7EB-11AE-40E3-8AFB-C14BD7C60859}.Release|x86.ActiveCfg = Release|Any CPU
		{C07EB7EB-11AE-40E3-8AFB-C14BD7C60859}.Release|x86.Build.0 = Release|Any CPU
		{15A64760-2D36-4FE7-80A9-85DCEFADD74C}.Debug|Any CPU.ActiveCfg = Debug|Any CPU
		{15A64760-2D36-4FE7-80A9-85DCEFADD74C}.Debug|Any CPU.Build.0 = Debug|Any CPU
		{15A64760-2D36-4FE7-80A9-85DCEFADD74C}.Debug|x64.ActiveCfg = Debug|Any CPU
		{15A64760-2D36-4FE7-80A9-85DCEFADD74C}.Debug|x64.Build.0 = Debug|Any CPU
		{15A64760-2D36-4FE7-80A9-85DCEFADD74C}.Debug|x86.ActiveCfg = Debug|Any CPU
		{15A64760-2D36-4FE7-80A9-85DCEFADD74C}.Debug|x86.Build.0 = Debug|Any CPU
		{15A64760-2D36-4FE7-80A9-85DCEFADD74C}.Release|Any CPU.ActiveCfg = Release|Any CPU
		{15A64760-2D36-4FE7-80A9-85DCEFADD74C}.Release|Any CPU.Build.0 = Release|Any CPU
		{15A64760-2D36-4FE7-80A9-85DCEFADD74C}.Release|x64.ActiveCfg = Release|Any CPU
		{15A64760-2D36-4FE7-80A9-85DCEFADD74C}.Release|x64.Build.0 = Release|Any CPU
		{15A64760-2D36-4FE7-80A9-85DCEFADD74C}.Release|x86.ActiveCfg = Release|Any CPU
		{15A64760-2D36-4FE7-80A9-85DCEFADD74C}.Release|x86.Build.0 = Release|Any CPU
		{1065C0DE-176B-4F58-896B-8494AF2823B6}.Debug|Any CPU.ActiveCfg = Debug|Any CPU
		{1065C0DE-176B-4F58-896B-8494AF2823B6}.Debug|Any CPU.Build.0 = Debug|Any CPU
		{1065C0DE-176B-4F58-896B-8494AF2823B6}.Debug|x64.ActiveCfg = Debug|Any CPU
		{1065C0DE-176B-4F58-896B-8494AF2823B6}.Debug|x64.Build.0 = Debug|Any CPU
		{1065C0DE-176B-4F58-896B-8494AF2823B6}.Debug|x86.ActiveCfg = Debug|Any CPU
		{1065C0DE-176B-4F58-896B-8494AF2823B6}.Debug|x86.Build.0 = Debug|Any CPU
		{1065C0DE-176B-4F58-896B-8494AF2823B6}.Release|Any CPU.ActiveCfg = Release|Any CPU
		{1065C0DE-176B-4F58-896B-8494AF2823B6}.Release|Any CPU.Build.0 = Release|Any CPU
		{1065C0DE-176B-4F58-896B-8494AF2823B6}.Release|x64.ActiveCfg = Release|Any CPU
		{1065C0DE-176B-4F58-896B-8494AF2823B6}.Release|x64.Build.0 = Release|Any CPU
		{1065C0DE-176B-4F58-896B-8494AF2823B6}.Release|x86.ActiveCfg = Release|Any CPU
		{1065C0DE-176B-4F58-896B-8494AF2823B6}.Release|x86.Build.0 = Release|Any CPU
		{ED753193-5DD3-49F1-B7E5-F2C7666D535F}.Debug|Any CPU.ActiveCfg = Debug|Any CPU
		{ED753193-5DD3-49F1-B7E5-F2C7666D535F}.Debug|Any CPU.Build.0 = Debug|Any CPU
		{ED753193-5DD3-49F1-B7E5-F2C7666D535F}.Debug|x64.ActiveCfg = Debug|Any CPU
		{ED753193-5DD3-49F1-B7E5-F2C7666D535F}.Debug|x64.Build.0 = Debug|Any CPU
		{ED753193-5DD3-49F1-B7E5-F2C7666D535F}.Debug|x86.ActiveCfg = Debug|Any CPU
		{ED753193-5DD3-49F1-B7E5-F2C7666D535F}.Debug|x86.Build.0 = Debug|Any CPU
		{ED753193-5DD3-49F1-B7E5-F2C7666D535F}.Release|Any CPU.ActiveCfg = Release|Any CPU
		{ED753193-5DD3-49F1-B7E5-F2C7666D535F}.Release|Any CPU.Build.0 = Release|Any CPU
		{ED753193-5DD3-49F1-B7E5-F2C7666D535F}.Release|x64.ActiveCfg = Release|Any CPU
		{ED753193-5DD3-49F1-B7E5-F2C7666D535F}.Release|x64.Build.0 = Release|Any CPU
		{ED753193-5DD3-49F1-B7E5-F2C7666D535F}.Release|x86.ActiveCfg = Release|Any CPU
		{ED753193-5DD3-49F1-B7E5-F2C7666D535F}.Release|x86.Build.0 = Release|Any CPU
		{37A38F00-11E2-436E-BF42-B566A70091C6}.Debug|Any CPU.ActiveCfg = Debug|Any CPU
		{37A38F00-11E2-436E-BF42-B566A70091C6}.Debug|Any CPU.Build.0 = Debug|Any CPU
		{37A38F00-11E2-436E-BF42-B566A70091C6}.Debug|x64.ActiveCfg = Debug|Any CPU
		{37A38F00-11E2-436E-BF42-B566A70091C6}.Debug|x64.Build.0 = Debug|Any CPU
		{37A38F00-11E2-436E-BF42-B566A70091C6}.Debug|x86.ActiveCfg = Debug|Any CPU
		{37A38F00-11E2-436E-BF42-B566A70091C6}.Debug|x86.Build.0 = Debug|Any CPU
		{37A38F00-11E2-436E-BF42-B566A70091C6}.Release|Any CPU.ActiveCfg = Release|Any CPU
		{37A38F00-11E2-436E-BF42-B566A70091C6}.Release|Any CPU.Build.0 = Release|Any CPU
		{37A38F00-11E2-436E-BF42-B566A70091C6}.Release|x64.ActiveCfg = Release|Any CPU
		{37A38F00-11E2-436E-BF42-B566A70091C6}.Release|x64.Build.0 = Release|Any CPU
		{37A38F00-11E2-436E-BF42-B566A70091C6}.Release|x86.ActiveCfg = Release|Any CPU
		{37A38F00-11E2-436E-BF42-B566A70091C6}.Release|x86.Build.0 = Release|Any CPU
	EndGlobalSection
	GlobalSection(SolutionProperties) = preSolution
		HideSolutionNode = FALSE
	EndGlobalSection
EndGlobal
