
Microsoft Visual Studio Solution File, Format Version 12.00
Project("{FAE04EC0-301F-11D3-BF4B-00C04F79EFBC}") = "Fenicia.Auth", "Fenicia.Auth\Fenicia.Auth.csproj", "{41FF3537-AEFA-4392-8878-99533A868FC8}"
EndProject
Project("{2150E333-8FDC-42A3-9474-1A3956D46DE8}") = "Shared", "Shared", "{58817977-A1E2-4B96-BE8B-E014348C0A95}"
EndProject
Project("{FAE04EC0-301F-11D3-BF4B-00C04F79EFBC}") = "Fenicia.Common.Database", "Fenicia.Common.Database\Fenicia.Common.Database.csproj", "{8DA6730F-BEBD-4996-9DA0-F92E4C429BEF}"
EndProject
Project("{FAE04EC0-301F-11D3-BF4B-00C04F79EFBC}") = "Fenicia.Module.Basic", "Fenicia.Module.Basic\Fenicia.Module.Basic.csproj", "{8622952A-7F8E-450E-9EB8-DDDD7DBE36B6}"
EndProject
Project("{FAE04EC0-301F-11D3-BF4B-00C04F79EFBC}") = "Fenicia.Common.Api", "Fenicia.Common.Api\Fenicia.Common.Api.csproj", "{4F6547A1-EE32-41F8-9DED-8434B27DF723}"
EndProject
Project("{FAE04EC0-301F-11D3-BF4B-00C04F79EFBC}") = "Fenicia.Common", "Fenicia.Common\Fenicia.Common.csproj", "{058D60E2-328D-4A4B-9686-12F6F7223C4D}"
EndProject
Project("{2150E333-8FDC-42A3-9474-1A3956D46DE8}") = "Tools", "Tools", "{9F02BA48-D9BB-4905-A0A7-23BA8E48DC76}"
EndProject
Global
	GlobalSection(SolutionConfigurationPlatforms) = preSolution
		Debug|Any CPU = Debug|Any CPU
		Release|Any CPU = Release|Any CPU
	EndGlobalSection
	GlobalSection(ProjectConfigurationPlatforms) = postSolution
		{41FF3537-AEFA-4392-8878-99533A868FC8}.Debug|Any CPU.ActiveCfg = Debug|Any CPU
		{41FF3537-AEFA-4392-8878-99533A868FC8}.Debug|Any CPU.Build.0 = Debug|Any CPU
		{41FF3537-AEFA-4392-8878-99533A868FC8}.Release|Any CPU.ActiveCfg = Release|Any CPU
		{41FF3537-AEFA-4392-8878-99533A868FC8}.Release|Any CPU.Build.0 = Release|Any CPU
		{8DA6730F-BEBD-4996-9DA0-F92E4C429BEF}.Debug|Any CPU.ActiveCfg = Debug|Any CPU
		{8DA6730F-BEBD-4996-9DA0-F92E4C429BEF}.Debug|Any CPU.Build.0 = Debug|Any CPU
		{8DA6730F-BEBD-4996-9DA0-F92E4C429BEF}.Release|Any CPU.ActiveCfg = Release|Any CPU
		{8DA6730F-BEBD-4996-9DA0-F92E4C429BEF}.Release|Any CPU.Build.0 = Release|Any CPU
		{8622952A-7F8E-450E-9EB8-DDDD7DBE36B6}.Debug|Any CPU.ActiveCfg = Debug|Any CPU
		{8622952A-7F8E-450E-9EB8-DDDD7DBE36B6}.Debug|Any CPU.Build.0 = Debug|Any CPU
		{8622952A-7F8E-450E-9EB8-DDDD7DBE36B6}.Release|Any CPU.ActiveCfg = Release|Any CPU
		{8622952A-7F8E-450E-9EB8-DDDD7DBE36B6}.Release|Any CPU.Build.0 = Release|Any CPU
		{4F6547A1-EE32-41F8-9DED-8434B27DF723}.Debug|Any CPU.ActiveCfg = Debug|Any CPU
		{4F6547A1-EE32-41F8-9DED-8434B27DF723}.Debug|Any CPU.Build.0 = Debug|Any CPU
		{4F6547A1-EE32-41F8-9DED-8434B27DF723}.Release|Any CPU.ActiveCfg = Release|Any CPU
		{4F6547A1-EE32-41F8-9DED-8434B27DF723}.Release|Any CPU.Build.0 = Release|Any CPU
		{058D60E2-328D-4A4B-9686-12F6F7223C4D}.Debug|Any CPU.ActiveCfg = Debug|Any CPU
		{058D60E2-328D-4A4B-9686-12F6F7223C4D}.Debug|Any CPU.Build.0 = Debug|Any CPU
		{058D60E2-328D-4A4B-9686-12F6F7223C4D}.Release|Any CPU.ActiveCfg = Release|Any CPU
		{058D60E2-328D-4A4B-9686-12F6F7223C4D}.Release|Any CPU.Build.0 = Release|Any CPU
	EndGlobalSection
	GlobalSection(NestedProjects) = preSolution
		{8DA6730F-BEBD-4996-9DA0-F92E4C429BEF} = {58817977-A1E2-4B96-BE8B-E014348C0A95}
		{4F6547A1-EE32-41F8-9DED-8434B27DF723} = {58817977-A1E2-4B96-BE8B-E014348C0A95}
		{058D60E2-328D-4A4B-9686-12F6F7223C4D} = {58817977-A1E2-4B96-BE8B-E014348C0A95}
	EndGlobalSection
EndGlobal
